// !$*UTF8*$!
{
	archiveVersion = 1;
	classes = {
	};
	objectVersion = 77;
	objects = {

/* Begin PBXContainerItemProxy section */
		849E1B142D647E5B00D7EA2F /* PBXContainerItemProxy */ = {
			isa = PBXContainerItemProxy;
			containerPortal = 849E1AFB2D647E5900D7EA2F /* Project object */;
			proxyType = 1;
			remoteGlobalIDString = 849E1B022D647E5900D7EA2F;
			remoteInfo = "iOSApp2-CityScavengerHunt";
		};
		849E1B1E2D647E5C00D7EA2F /* PBXContainerItemProxy */ = {
			isa = PBXContainerItemProxy;
			containerPortal = 849E1AFB2D647E5900D7EA2F /* Project object */;
			proxyType = 1;
			remoteGlobalIDString = 849E1B022D647E5900D7EA2F;
			remoteInfo = "iOSApp2-CityScavengerHunt";
		};
/* End PBXContainerItemProxy section */

/* Begin PBXFileReference section */
		849E1B032D647E5900D7EA2F /* iOSApp2-CityScavengerHunt.app */ = {isa = PBXFileReference; explicitFileType = wrapper.application; includeInIndex = 0; path = "iOSApp2-CityScavengerHunt.app"; sourceTree = BUILT_PRODUCTS_DIR; };
		849E1B132D647E5B00D7EA2F /* iOSApp2-CityScavengerHuntTests.xctest */ = {isa = PBXFileReference; explicitFileType = wrapper.cfbundle; includeInIndex = 0; path = "iOSApp2-CityScavengerHuntTests.xctest"; sourceTree = BUILT_PRODUCTS_DIR; };
		849E1B1D2D647E5C00D7EA2F /* iOSApp2-CityScavengerHuntUITests.xctest */ = {isa = PBXFileReference; explicitFileType = wrapper.cfbundle; includeInIndex = 0; path = "iOSApp2-CityScavengerHuntUITests.xctest"; sourceTree = BUILT_PRODUCTS_DIR; };
/* End PBXFileReference section */

/* Begin PBXFileSystemSynchronizedRootGroup section */
		849E1B052D647E5900D7EA2F /* iOSApp2-CityScavengerHunt */ = {
			isa = PBXFileSystemSynchronizedRootGroup;
			path = "iOSApp2-CityScavengerHunt";
			sourceTree = "<group>";
		};
		849E1B162D647E5B00D7EA2F /* iOSApp2-CityScavengerHuntTests */ = {
			isa = PBXFileSystemSynchronizedRootGroup;
			path = "iOSApp2-CityScavengerHuntTests";
			sourceTree = "<group>";
		};
		849E1B202D647E5C00D7EA2F /* iOSApp2-CityScavengerHuntUITests */ = {
			isa = PBXFileSystemSynchronizedRootGroup;
			path = "iOSApp2-CityScavengerHuntUITests";
			sourceTree = "<group>";
		};
/* End PBXFileSystemSynchronizedRootGroup section */

/* Begin PBXFrameworksBuildPhase section */
		849E1B002D647E5900D7EA2F /* Frameworks */ = {
			isa = PBXFrameworksBuildPhase;
			buildActionMask = 2147483647;
			files = (
			);
			runOnlyForDeploymentPostprocessing = 0;
		};
		849E1B102D647E5B00D7EA2F /* Frameworks */ = {
			isa = PBXFrameworksBuildPhase;
			buildActionMask = 2147483647;
			files = (
			);
			runOnlyForDeploymentPostprocessing = 0;
		};
		849E1B1A2D647E5C00D7EA2F /* Frameworks */ = {
			isa = PBXFrameworksBuildPhase;
			buildActionMask = 2147483647;
			files = (
			);
			runOnlyForDeploymentPostprocessing = 0;
		};
/* End PBXFrameworksBuildPhase section */

/* Begin PBXGroup section */
		849E1AFA2D647E5900D7EA2F = {
			isa = PBXGroup;
			children = (
				849E1B052D647E5900D7EA2F /* iOSApp2-CityScavengerHunt */,
				849E1B162D647E5B00D7EA2F /* iOSApp2-CityScavengerHuntTests */,
				849E1B202D647E5C00D7EA2F /* iOSApp2-CityScavengerHuntUITests */,
				849E1B042D647E5900D7EA2F /* Products */,
			);
			sourceTree = "<group>";
		};
		849E1B042D647E5900D7EA2F /* Products */ = {
			isa = PBXGroup;
			children = (
				849E1B032D647E5900D7EA2F /* iOSApp2-CityScavengerHunt.app */,
				849E1B132D647E5B00D7EA2F /* iOSApp2-CityScavengerHuntTests.xctest */,
				849E1B1D2D647E5C00D7EA2F /* iOSApp2-CityScavengerHuntUITests.xctest */,
			);
			name = Products;
			sourceTree = "<group>";
		};
/* End PBXGroup section */

/* Begin PBXNativeTarget section */
		849E1B022D647E5900D7EA2F /* iOSApp2-CityScavengerHunt */ = {
			isa = PBXNativeTarget;
			buildConfigurationList = 849E1B272D647E5C00D7EA2F /* Build configuration list for PBXNativeTarget "iOSApp2-CityScavengerHunt" */;
			buildPhases = (
				849E1AFF2D647E5900D7EA2F /* Sources */,
				849E1B002D647E5900D7EA2F /* Frameworks */,
				849E1B012D647E5900D7EA2F /* Resources */,
			);
			buildRules = (
			);
			dependencies = (
			);
			fileSystemSynchronizedGroups = (
				849E1B052D647E5900D7EA2F /* iOSApp2-CityScavengerHunt */,
			);
			name = "iOSApp2-CityScavengerHunt";
			packageProductDependencies = (
			);
			productName = "iOSApp2-CityScavengerHunt";
			productReference = 849E1B032D647E5900D7EA2F /* iOSApp2-CityScavengerHunt.app */;
			productType = "com.apple.product-type.application";
		};
		849E1B122D647E5B00D7EA2F /* iOSApp2-CityScavengerHuntTests */ = {
			isa = PBXNativeTarget;
			buildConfigurationList = 849E1B2A2D647E5C00D7EA2F /* Build configuration list for PBXNativeTarget "iOSApp2-CityScavengerHuntTests" */;
			buildPhases = (
				849E1B0F2D647E5B00D7EA2F /* Sources */,
				849E1B102D647E5B00D7EA2F /* Frameworks */,
				849E1B112D647E5B00D7EA2F /* Resources */,
			);
			buildRules = (
			);
			dependencies = (
				849E1B152D647E5B00D7EA2F /* PBXTargetDependency */,
			);
			fileSystemSynchronizedGroups = (
				849E1B162D647E5B00D7EA2F /* iOSApp2-CityScavengerHuntTests */,
			);
			name = "iOSApp2-CityScavengerHuntTests";
			packageProductDependencies = (
			);
			productName = "iOSApp2-CityScavengerHuntTests";
			productReference = 849E1B132D647E5B00D7EA2F /* iOSApp2-CityScavengerHuntTests.xctest */;
			productType = "com.apple.product-type.bundle.unit-test";
		};
		849E1B1C2D647E5C00D7EA2F /* iOSApp2-CityScavengerHuntUITests */ = {
			isa = PBXNativeTarget;
			buildConfigurationList = 849E1B2D2D647E5C00D7EA2F /* Build configuration list for PBXNativeTarget "iOSApp2-CityScavengerHuntUITests" */;
			buildPhases = (
				849E1B192D647E5C00D7EA2F /* Sources */,
				849E1B1A2D647E5C00D7EA2F /* Frameworks */,
				849E1B1B2D647E5C00D7EA2F /* Resources */,
			);
			buildRules = (
			);
			dependencies = (
				849E1B1F2D647E5C00D7EA2F /* PBXTargetDependency */,
			);
			fileSystemSynchronizedGroups = (
				849E1B202D647E5C00D7EA2F /* iOSApp2-CityScavengerHuntUITests */,
			);
			name = "iOSApp2-CityScavengerHuntUITests";
			packageProductDependencies = (
			);
			productName = "iOSApp2-CityScavengerHuntUITests";
			productReference = 849E1B1D2D647E5C00D7EA2F /* iOSApp2-CityScavengerHuntUITests.xctest */;
			productType = "com.apple.product-type.bundle.ui-testing";
		};
/* End PBXNativeTarget section */

/* Begin PBXProject section */
		849E1AFB2D647E5900D7EA2F /* Project object */ = {
			isa = PBXProject;
			attributes = {
				BuildIndependentTargetsInParallel = 1;
				LastSwiftUpdateCheck = 1620;
				LastUpgradeCheck = 1620;
				TargetAttributes = {
					849E1B022D647E5900D7EA2F = {
						CreatedOnToolsVersion = 16.2;
					};
					849E1B122D647E5B00D7EA2F = {
						CreatedOnToolsVersion = 16.2;
						TestTargetID = 849E1B022D647E5900D7EA2F;
					};
					849E1B1C2D647E5C00D7EA2F = {
						CreatedOnToolsVersion = 16.2;
						TestTargetID = 849E1B022D647E5900D7EA2F;
					};
				};
			};
			buildConfigurationList = 849E1AFE2D647E5900D7EA2F /* Build configuration list for PBXProject "iOSApp2-CityScavengerHunt" */;
			developmentRegion = en;
			hasScannedForEncodings = 0;
			knownRegions = (
				en,
				Base,
			);
			mainGroup = 849E1AFA2D647E5900D7EA2F;
			minimizedProjectReferenceProxies = 1;
			preferredProjectObjectVersion = 77;
			productRefGroup = 849E1B042D647E5900D7EA2F /* Products */;
			projectDirPath = "";
			projectRoot = "";
			targets = (
				849E1B022D647E5900D7EA2F /* iOSApp2-CityScavengerHunt */,
				849E1B122D647E5B00D7EA2F /* iOSApp2-CityScavengerHuntTests */,
				849E1B1C2D647E5C00D7EA2F /* iOSApp2-CityScavengerHuntUITests */,
			);
		};
/* End PBXProject section */

/* Begin PBXResourcesBuildPhase section */
		849E1B012D647E5900D7EA2F /* Resources */ = {
			isa = PBXResourcesBuildPhase;
			buildActionMask = 2147483647;
			files = (
			);
			runOnlyForDeploymentPostprocessing = 0;
		};
		849E1B112D647E5B00D7EA2F /* Resources */ = {
			isa = PBXResourcesBuildPhase;
			buildActionMask = 2147483647;
			files = (
			);
			runOnlyForDeploymentPostprocessing = 0;
		};
		849E1B1B2D647E5C00D7EA2F /* Resources */ = {
			isa = PBXResourcesBuildPhase;
			buildActionMask = 2147483647;
			files = (
			);
			runOnlyForDeploymentPostprocessing = 0;
		};
/* End PBXResourcesBuildPhase section */

/* Begin PBXSourcesBuildPhase section */
		849E1AFF2D647E5900D7EA2F /* Sources */ = {
			isa = PBXSourcesBuildPhase;
			buildActionMask = 2147483647;
			files = (
			);
			runOnlyForDeploymentPostprocessing = 0;
		};
		849E1B0F2D647E5B00D7EA2F /* Sources */ = {
			isa = PBXSourcesBuildPhase;
			buildActionMask = 2147483647;
			files = (
			);
			runOnlyForDeploymentPostprocessing = 0;
		};
		849E1B192D647E5C00D7EA2F /* Sources */ = {
			isa = PBXSourcesBuildPhase;
			buildActionMask = 2147483647;
			files = (
			);
			runOnlyForDeploymentPostprocessing = 0;
		};
/* End PBXSourcesBuildPhase section */

/* Begin PBXTargetDependency section */
		849E1B152D647E5B00D7EA2F /* PBXTargetDependency */ = {
			isa = PBXTargetDependency;
			target = 849E1B022D647E5900D7EA2F /* iOSApp2-CityScavengerHunt */;
			targetProxy = 849E1B142D647E5B00D7EA2F /* PBXContainerItemProxy */;
		};
		849E1B1F2D647E5C00D7EA2F /* PBXTargetDependency */ = {
			isa = PBXTargetDependency;
			target = 849E1B022D647E5900D7EA2F /* iOSApp2-CityScavengerHunt */;
			targetProxy = 849E1B1E2D647E5C00D7EA2F /* PBXContainerItemProxy */;
		};
/* End PBXTargetDependency section */

/* Begin XCBuildConfiguration section */
		849E1B252D647E5C00D7EA2F /* Debug */ = {
			isa = XCBuildConfiguration;
			buildSettings = {
				ALWAYS_SEARCH_USER_PATHS = NO;
				ASSETCATALOG_COMPILER_GENERATE_SWIFT_ASSET_SYMBOL_EXTENSIONS = YES;
				CLANG_ANALYZER_NONNULL = YES;
				CLANG_ANALYZER_NUMBER_OBJECT_CONVERSION = YES_AGGRESSIVE;
				CLANG_CXX_LANGUAGE_STANDARD = "gnu++20";
				CLANG_ENABLE_MODULES = YES;
				CLANG_ENABLE_OBJC_ARC = YES;
				CLANG_ENABLE_OBJC_WEAK = YES;
				CLANG_WARN_BLOCK_CAPTURE_AUTORELEASING = YES;
				CLANG_WARN_BOOL_CONVERSION = YES;
				CLANG_WARN_COMMA = YES;
				CLANG_WARN_CONSTANT_CONVERSION = YES;
				CLANG_WARN_DEPRECATED_OBJC_IMPLEMENTATIONS = YES;
				CLANG_WARN_DIRECT_OBJC_ISA_USAGE = YES_ERROR;
				CLANG_WARN_DOCUMENTATION_COMMENTS = YES;
				CLANG_WARN_EMPTY_BODY = YES;
				CLANG_WARN_ENUM_CONVERSION = YES;
				CLANG_WARN_INFINITE_RECURSION = YES;
				CLANG_WARN_INT_CONVERSION = YES;
				CLANG_WARN_NON_LITERAL_NULL_CONVERSION = YES;
				CLANG_WARN_OBJC_IMPLICIT_RETAIN_SELF = YES;
				CLANG_WARN_OBJC_LITERAL_CONVERSION = YES;
				CLANG_WARN_OBJC_ROOT_CLASS = YES_ERROR;
				CLANG_WARN_QUOTED_INCLUDE_IN_FRAMEWORK_HEADER = YES;
				CLANG_WARN_RANGE_LOOP_ANALYSIS = YES;
				CLANG_WARN_STRICT_PROTOTYPES = YES;
				CLANG_WARN_SUSPICIOUS_MOVE = YES;
				CLANG_WARN_UNGUARDED_AVAILABILITY = YES_AGGRESSIVE;
				CLANG_WARN_UNREACHABLE_CODE = YES;
				CLANG_WARN__DUPLICATE_METHOD_MATCH = YES;
				COPY_PHASE_STRIP = NO;
				DEBUG_INFORMATION_FORMAT = dwarf;
				ENABLE_STRICT_OBJC_MSGSEND = YES;
				ENABLE_TESTABILITY = YES;
				ENABLE_USER_SCRIPT_SANDBOXING = YES;
				GCC_C_LANGUAGE_STANDARD = gnu17;
				GCC_DYNAMIC_NO_PIC = NO;
				GCC_NO_COMMON_BLOCKS = YES;
				GCC_OPTIMIZATION_LEVEL = 0;
				GCC_PREPROCESSOR_DEFINITIONS = (
					"DEBUG=1",
					"$(inherited)",
				);
				GCC_WARN_64_TO_32_BIT_CONVERSION = YES;
				GCC_WARN_ABOUT_RETURN_TYPE = YES_ERROR;
				GCC_WARN_UNDECLARED_SELECTOR = YES;
				GCC_WARN_UNINITIALIZED_AUTOS = YES_AGGRESSIVE;
				GCC_WARN_UNUSED_FUNCTION = YES;
				GCC_WARN_UNUSED_VARIABLE = YES;
				IPHONEOS_DEPLOYMENT_TARGET = 18.2;
				LOCALIZATION_PREFERS_STRING_CATALOGS = YES;
				MTL_ENABLE_DEBUG_INFO = INCLUDE_SOURCE;
				MTL_FAST_MATH = YES;
				ONLY_ACTIVE_ARCH = YES;
				SDKROOT = iphoneos;
				SWIFT_ACTIVE_COMPILATION_CONDITIONS = "DEBUG $(inherited)";
				SWIFT_OPTIMIZATION_LEVEL = "-Onone";
			};
			name = Debug;
		};
		849E1B262D647E5C00D7EA2F /* Release */ = {
			isa = XCBuildConfiguration;
			buildSettings = {
				ALWAYS_SEARCH_USER_PATHS = NO;
				ASSETCATALOG_COMPILER_GENERATE_SWIFT_ASSET_SYMBOL_EXTENSIONS = YES;
				CLANG_ANALYZER_NONNULL = YES;
				CLANG_ANALYZER_NUMBER_OBJECT_CONVERSION = YES_AGGRESSIVE;
				CLANG_CXX_LANGUAGE_STANDARD = "gnu++20";
				CLANG_ENABLE_MODULES = YES;
				CLANG_ENABLE_OBJC_ARC = YES;
				CLANG_ENABLE_OBJC_WEAK = YES;
				CLANG_WARN_BLOCK_CAPTURE_AUTORELEASING = YES;
				CLANG_WARN_BOOL_CONVERSION = YES;
				CLANG_WARN_COMMA = YES;
				CLANG_WARN_CONSTANT_CONVERSION = YES;
				CLANG_WARN_DEPRECATED_OBJC_IMPLEMENTATIONS = YES;
				CLANG_WARN_DIRECT_OBJC_ISA_USAGE = YES_ERROR;
				CLANG_WARN_DOCUMENTATION_COMMENTS = YES;
				CLANG_WARN_EMPTY_BODY = YES;
				CLANG_WARN_ENUM_CONVERSION = YES;
				CLANG_WARN_INFINITE_RECURSION = YES;
				CLANG_WARN_INT_CONVERSION = YES;
				CLANG_WARN_NON_LITERAL_NULL_CONVERSION = YES;
				CLANG_WARN_OBJC_IMPLICIT_RETAIN_SELF = YES;
				CLANG_WARN_OBJC_LITERAL_CONVERSION = YES;
				CLANG_WARN_OBJC_ROOT_CLASS = YES_ERROR;
				CLANG_WARN_QUOTED_INCLUDE_IN_FRAMEWORK_HEADER = YES;
				CLANG_WARN_RANGE_LOOP_ANALYSIS = YES;
				CLANG_WARN_STRICT_PROTOTYPES = YES;
				CLANG_WARN_SUSPICIOUS_MOVE = YES;
				CLANG_WARN_UNGUARDED_AVAILABILITY = YES_AGGRESSIVE;
				CLANG_WARN_UNREACHABLE_CODE = YES;
				CLANG_WARN__DUPLICATE_METHOD_MATCH = YES;
				COPY_PHASE_STRIP = NO;
				DEBUG_INFORMATION_FORMAT = "dwarf-with-dsym";
				ENABLE_NS_ASSERTIONS = NO;
				ENABLE_STRICT_OBJC_MSGSEND = YES;
				ENABLE_USER_SCRIPT_SANDBOXING = YES;
				GCC_C_LANGUAGE_STANDARD = gnu17;
				GCC_NO_COMMON_BLOCKS = YES;
				GCC_WARN_64_TO_32_BIT_CONVERSION = YES;
				GCC_WARN_ABOUT_RETURN_TYPE = YES_ERROR;
				GCC_WARN_UNDECLARED_SELECTOR = YES;
				GCC_WARN_UNINITIALIZED_AUTOS = YES_AGGRESSIVE;
				GCC_WARN_UNUSED_FUNCTION = YES;
				GCC_WARN_UNUSED_VARIABLE = YES;
				IPHONEOS_DEPLOYMENT_TARGET = 18.2;
				LOCALIZATION_PREFERS_STRING_CATALOGS = YES;
				MTL_ENABLE_DEBUG_INFO = NO;
				MTL_FAST_MATH = YES;
				SDKROOT = iphoneos;
				SWIFT_COMPILATION_MODE = wholemodule;
				VALIDATE_PRODUCT = YES;
			};
			name = Release;
		};
		849E1B282D647E5C00D7EA2F /* Debug */ = {
			isa = XCBuildConfiguration;
			buildSettings = {
				ASSETCATALOG_COMPILER_APPICON_NAME = AppIcon;
				ASSETCATALOG_COMPILER_GLOBAL_ACCENT_COLOR_NAME = AccentColor;
				CODE_SIGN_STYLE = Automatic;
				CURRENT_PROJECT_VERSION = 1;
				DEVELOPMENT_ASSET_PATHS = "\"iOSApp2-CityScavengerHunt/Preview Content\"";
				ENABLE_PREVIEWS = YES;
				GENERATE_INFOPLIST_FILE = YES;
				INFOPLIST_KEY_UIApplicationSceneManifest_Generation = YES;
				INFOPLIST_KEY_UIApplicationSupportsIndirectInputEvents = YES;
				INFOPLIST_KEY_UILaunchScreen_Generation = YES;
				INFOPLIST_KEY_UISupportedInterfaceOrientations_iPad = "UIInterfaceOrientationPortrait UIInterfaceOrientationPortraitUpsideDown UIInterfaceOrientationLandscapeLeft UIInterfaceOrientationLandscapeRight";
				INFOPLIST_KEY_UISupportedInterfaceOrientations_iPhone = "UIInterfaceOrientationPortrait UIInterfaceOrientationLandscapeLeft UIInterfaceOrientationLandscapeRight";
				LD_RUNPATH_SEARCH_PATHS = (
					"$(inherited)",
					"@executable_path/Frameworks",
				);
				MARKETING_VERSION = 1.0;
				PRODUCT_BUNDLE_IDENTIFIER = "DevvAlchemy.iOSApp2-CityScavengerHunt";
				PRODUCT_NAME = "$(TARGET_NAME)";
				SWIFT_EMIT_LOC_STRINGS = YES;
				SWIFT_VERSION = 5.0;
				TARGETED_DEVICE_FAMILY = "1,2";
			};
			name = Debug;
		};
		849E1B292D647E5C00D7EA2F /* Release */ = {
			isa = XCBuildConfiguration;
			buildSettings = {
				ASSETCATALOG_COMPILER_APPICON_NAME = AppIcon;
				ASSETCATALOG_COMPILER_GLOBAL_ACCENT_COLOR_NAME = AccentColor;
				CODE_SIGN_STYLE = Automatic;
				CURRENT_PROJECT_VERSION = 1;
				DEVELOPMENT_ASSET_PATHS = "\"iOSApp2-CityScavengerHunt/Preview Content\"";
				ENABLE_PREVIEWS = YES;
				GENERATE_INFOPLIST_FILE = YES;
				INFOPLIST_KEY_UIApplicationSceneManifest_Generation = YES;
				INFOPLIST_KEY_UIApplicationSupportsIndirectInputEvents = YES;
				INFOPLIST_KEY_UILaunchScreen_Generation = YES;
				INFOPLIST_KEY_UISupportedInterfaceOrientations_iPad = "UIInterfaceOrientationPortrait UIInterfaceOrientationPortraitUpsideDown UIInterfaceOrientationLandscapeLeft UIInterfaceOrientationLandscapeRight";
				INFOPLIST_KEY_UISupportedInterfaceOrientations_iPhone = "UIInterfaceOrientationPortrait UIInterfaceOrientationLandscapeLeft UIInterfaceOrientationLandscapeRight";
				LD_RUNPATH_SEARCH_PATHS = (
					"$(inherited)",
					"@executable_path/Frameworks",
				);
				MARKETING_VERSION = 1.0;
				PRODUCT_BUNDLE_IDENTIFIER = "DevvAlchemy.iOSApp2-CityScavengerHunt";
				PRODUCT_NAME = "$(TARGET_NAME)";
				SWIFT_EMIT_LOC_STRINGS = YES;
				SWIFT_VERSION = 5.0;
				TARGETED_DEVICE_FAMILY = "1,2";
			};
			name = Release;
		};
		849E1B2B2D647E5C00D7EA2F /* Debug */ = {
			isa = XCBuildConfiguration;
			buildSettings = {
				BUNDLE_LOADER = "$(TEST_HOST)";
				CODE_SIGN_STYLE = Automatic;
				CURRENT_PROJECT_VERSION = 1;
				GENERATE_INFOPLIST_FILE = YES;
				IPHONEOS_DEPLOYMENT_TARGET = 18.2;
				MARKETING_VERSION = 1.0;
				PRODUCT_BUNDLE_IDENTIFIER = "DevvAlchemy.iOSApp2-CityScavengerHuntTests";
				PRODUCT_NAME = "$(TARGET_NAME)";
				SWIFT_EMIT_LOC_STRINGS = NO;
				SWIFT_VERSION = 5.0;
				TARGETED_DEVICE_FAMILY = "1,2";
				TEST_HOST = "$(BUILT_PRODUCTS_DIR)/iOSApp2-CityScavengerHunt.app/$(BUNDLE_EXECUTABLE_FOLDER_PATH)/iOSApp2-CityScavengerHunt";
			};
			name = Debug;
		};
		849E1B2C2D647E5C00D7EA2F /* Release */ = {
			isa = XCBuildConfiguration;
			buildSettings = {
				BUNDLE_LOADER = "$(TEST_HOST)";
				CODE_SIGN_STYLE = Automatic;
				CURRENT_PROJECT_VERSION = 1;
				GENERATE_INFOPLIST_FILE = YES;
				IPHONEOS_DEPLOYMENT_TARGET = 18.2;
				MARKETING_VERSION = 1.0;
				PRODUCT_BUNDLE_IDENTIFIER = "DevvAlchemy.iOSApp2-CityScavengerHuntTests";
				PRODUCT_NAME = "$(TARGET_NAME)";
				SWIFT_EMIT_LOC_STRINGS = NO;
				SWIFT_VERSION = 5.0;
				TARGETED_DEVICE_FAMILY = "1,2";
				TEST_HOST = "$(BUILT_PRODUCTS_DIR)/iOSApp2-CityScavengerHunt.app/$(BUNDLE_EXECUTABLE_FOLDER_PATH)/iOSApp2-CityScavengerHunt";
			};
			name = Release;
		};
		849E1B2E2D647E5C00D7EA2F /* Debug */ = {
			isa = XCBuildConfiguration;
			buildSettings = {
				CODE_SIGN_STYLE = Automatic;
				CURRENT_PROJECT_VERSION = 1;
				GENERATE_INFOPLIST_FILE = YES;
				MARKETING_VERSION = 1.0;
				PRODUCT_BUNDLE_IDENTIFIER = "DevvAlchemy.iOSApp2-CityScavengerHuntUITests";
				PRODUCT_NAME = "$(TARGET_NAME)";
				SWIFT_EMIT_LOC_STRINGS = NO;
				SWIFT_VERSION = 5.0;
				TARGETED_DEVICE_FAMILY = "1,2";
				TEST_TARGET_NAME = "iOSApp2-CityScavengerHunt";
			};
			name = Debug;
		};
		849E1B2F2D647E5C00D7EA2F /* Release */ = {
			isa = XCBuildConfiguration;
			buildSettings = {
				CODE_SIGN_STYLE = Automatic;
				CURRENT_PROJECT_VERSION = 1;
				GENERATE_INFOPLIST_FILE = YES;
				MARKETING_VERSION = 1.0;
				PRODUCT_BUNDLE_IDENTIFIER = "DevvAlchemy.iOSApp2-CityScavengerHuntUITests";
				PRODUCT_NAME = "$(TARGET_NAME)";
				SWIFT_EMIT_LOC_STRINGS = NO;
				SWIFT_VERSION = 5.0;
				TARGETED_DEVICE_FAMILY = "1,2";
				TEST_TARGET_NAME = "iOSApp2-CityScavengerHunt";
			};
			name = Release;
		};
/* End XCBuildConfiguration section */

/* Begin XCConfigurationList section */
		849E1AFE2D647E5900D7EA2F /* Build configuration list for PBXProject "iOSApp2-CityScavengerHunt" */ = {
			isa = XCConfigurationList;
			buildConfigurations = (
				849E1B252D647E5C00D7EA2F /* Debug */,
				849E1B262D647E5C00D7EA2F /* Release */,
			);
			defaultConfigurationIsVisible = 0;
			defaultConfigurationName = Release;
		};
		849E1B272D647E5C00D7EA2F /* Build configuration list for PBXNativeTarget "iOSApp2-CityScavengerHunt" */ = {
			isa = XCConfigurationList;
			buildConfigurations = (
				849E1B282D647E5C00D7EA2F /* Debug */,
				849E1B292D647E5C00D7EA2F /* Release */,
			);
			defaultConfigurationIsVisible = 0;
			defaultConfigurationName = Release;
		};
		849E1B2A2D647E5C00D7EA2F /* Build configuration list for PBXNativeTarget "iOSApp2-CityScavengerHuntTests" */ = {
			isa = XCConfigurationList;
			buildConfigurations = (
				849E1B2B2D647E5C00D7EA2F /* Debug */,
				849E1B2C2D647E5C00D7EA2F /* Release */,
			);
			defaultConfigurationIsVisible = 0;
			defaultConfigurationName = Release;
		};
		849E1B2D2D647E5C00D7EA2F /* Build configuration list for PBXNativeTarget "iOSApp2-CityScavengerHuntUITests" */ = {
			isa = XCConfigurationList;
			buildConfigurations = (
				849E1B2E2D647E5C00D7EA2F /* Debug */,
				849E1B2F2D647E5C00D7EA2F /* Release */,
			);
			defaultConfigurationIsVisible = 0;
			defaultConfigurationName = Release;
		};
/* End XCConfigurationList section */
	};
	rootObject = 849E1AFB2D647E5900D7EA2F /* Project object */;
}
